# THIS IS AN AUTOGENERATED FILE. DO NOT EDIT THIS FILE DIRECTLY.
# yarn lockfile v1


"@esbuild/android-arm64@0.19.7":
  version "0.19.7"
  resolved "https://registry.yarnpkg.com/@esbuild/android-arm64/-/android-arm64-0.19.7.tgz#646156aea43e8e6723de6e94a4ac07c5aed41be1"
  integrity sha512-YEDcw5IT7hW3sFKZBkCAQaOCJQLONVcD4bOyTXMZz5fr66pTHnAet46XAtbXAkJRfIn2YVhdC6R9g4xa27jQ1w==

"@esbuild/android-arm@0.19.7":
  version "0.19.7"
  resolved "https://registry.yarnpkg.com/@esbuild/android-arm/-/android-arm-0.19.7.tgz#0827b49aed813c33ea18ee257c1728cdc4a01030"
  integrity sha512-YGSPnndkcLo4PmVl2tKatEn+0mlVMr3yEpOOT0BeMria87PhvoJb5dg5f5Ft9fbCVgtAz4pWMzZVgSEGpDAlww==

"@esbuild/android-x64@0.19.7":
  version "0.19.7"
  resolved "https://registry.yarnpkg.com/@esbuild/android-x64/-/android-x64-0.19.7.tgz#fa294ed5214d88219d519e0ab1bbb0253a89b864"
  integrity sha512-jhINx8DEjz68cChFvM72YzrqfwJuFbfvSxZAk4bebpngGfNNRm+zRl4rtT9oAX6N9b6gBcFaJHFew5Blf6CvUw==

"@esbuild/darwin-arm64@0.19.7":
  version "0.19.7"
  resolved "https://registry.yarnpkg.com/@esbuild/darwin-arm64/-/darwin-arm64-0.19.7.tgz#e24d2ed545749ff251eabe8bce11fefa688892d3"
  integrity sha512-dr81gbmWN//3ZnBIm6YNCl4p3pjnabg1/ZVOgz2fJoUO1a3mq9WQ/1iuEluMs7mCL+Zwv7AY5e3g1hjXqQZ9Iw==

"@esbuild/darwin-x64@0.19.7":
  version "0.19.7"
  resolved "https://registry.yarnpkg.com/@esbuild/darwin-x64/-/darwin-x64-0.19.7.tgz#02d1f8a572874c90d8f55dde8a859e5145bd06f6"
  integrity sha512-Lc0q5HouGlzQEwLkgEKnWcSazqr9l9OdV2HhVasWJzLKeOt0PLhHaUHuzb8s/UIya38DJDoUm74GToZ6Wc7NGQ==

"@esbuild/freebsd-arm64@0.19.7":
  version "0.19.7"
  resolved "https://registry.yarnpkg.com/@esbuild/freebsd-arm64/-/freebsd-arm64-0.19.7.tgz#bc6a69b9a7915da278f0a5ebaec069c813982c22"
  integrity sha512-+y2YsUr0CxDFF7GWiegWjGtTUF6gac2zFasfFkRJPkMAuMy9O7+2EH550VlqVdpEEchWMynkdhC9ZjtnMiHImQ==

"@esbuild/freebsd-x64@0.19.7":
  version "0.19.7"
  resolved "https://registry.yarnpkg.com/@esbuild/freebsd-x64/-/freebsd-x64-0.19.7.tgz#ec3708488625d70e565968ceea1355e7c8613865"
  integrity sha512-CdXOxIbIzPJmJhrpmJTLx+o35NoiKBIgOvmvT+jeSadYiWJn0vFKsl+0bSG/5lwjNHoIDEyMYc/GAPR9jxusTA==

"@esbuild/linux-arm64@0.19.7":
  version "0.19.7"
  resolved "https://registry.yarnpkg.com/@esbuild/linux-arm64/-/linux-arm64-0.19.7.tgz#8e04b66c306858f92d4f90f8222775270755e88a"
  integrity sha512-inHqdOVCkUhHNvuQPT1oCB7cWz9qQ/Cz46xmVe0b7UXcuIJU3166aqSunsqkgSGMtUCWOZw3+KMwI6otINuC9g==

"@esbuild/linux-arm@0.19.7":
  version "0.19.7"
  resolved "https://registry.yarnpkg.com/@esbuild/linux-arm/-/linux-arm-0.19.7.tgz#12d5b65e089029ee1fe4c591b60969c9b1a85355"
  integrity sha512-Y+SCmWxsJOdQtjcBxoacn/pGW9HDZpwsoof0ttL+2vGcHokFlfqV666JpfLCSP2xLxFpF1lj7T3Ox3sr95YXww==

"@esbuild/linux-ia32@0.19.7":
  version "0.19.7"
  resolved "https://registry.yarnpkg.com/@esbuild/linux-ia32/-/linux-ia32-0.19.7.tgz#01eabc2a3ad9039e115db650268e4f48f910dbe2"
  integrity sha512-2BbiL7nLS5ZO96bxTQkdO0euGZIUQEUXMTrqLxKUmk/Y5pmrWU84f+CMJpM8+EHaBPfFSPnomEaQiG/+Gmh61g==

"@esbuild/linux-loong64@0.19.7":
  version "0.19.7"
  resolved "https://registry.yarnpkg.com/@esbuild/linux-loong64/-/linux-loong64-0.19.7.tgz#70681113632970e6a5766607bbdb98aa18cf4d5f"
  integrity sha512-BVFQla72KXv3yyTFCQXF7MORvpTo4uTA8FVFgmwVrqbB/4DsBFWilUm1i2Oq6zN36DOZKSVUTb16jbjedhfSHw==

"@esbuild/linux-mips64el@0.19.7":
  version "0.19.7"
  resolved "https://registry.yarnpkg.com/@esbuild/linux-mips64el/-/linux-mips64el-0.19.7.tgz#f63c022a71a3d70c482d1943a27cb8997021e230"
  integrity sha512-DzAYckIaK+pS31Q/rGpvUKu7M+5/t+jI+cdleDgUwbU7KdG2eC3SUbZHlo6Q4P1CfVKZ1lUERRFP8+q0ob9i2w==

"@esbuild/linux-ppc64@0.19.7":
  version "0.19.7"
  resolved "https://registry.yarnpkg.com/@esbuild/linux-ppc64/-/linux-ppc64-0.19.7.tgz#614eafd08b0c50212f287b948b3c08d6e60f221f"
  integrity sha512-JQ1p0SmUteNdUaaiRtyS59GkkfTW0Edo+e0O2sihnY4FoZLz5glpWUQEKMSzMhA430ctkylkS7+vn8ziuhUugQ==

"@esbuild/linux-riscv64@0.19.7":
  version "0.19.7"
  resolved "https://registry.yarnpkg.com/@esbuild/linux-riscv64/-/linux-riscv64-0.19.7.tgz#31d3b63f92f65968268a8e61ba59872538e80e88"
  integrity sha512-xGwVJ7eGhkprY/nB7L7MXysHduqjpzUl40+XoYDGC4UPLbnG+gsyS1wQPJ9lFPcxYAaDXbdRXd1ACs9AE9lxuw==

"@esbuild/linux-s390x@0.19.7":
  version "0.19.7"
  resolved "https://registry.yarnpkg.com/@esbuild/linux-s390x/-/linux-s390x-0.19.7.tgz#be94974e0caa0783ae05f9477fd7170b9ac29cb0"
  integrity sha512-U8Rhki5PVU0L0nvk+E8FjkV8r4Lh4hVEb9duR6Zl21eIEYEwXz8RScj4LZWA2i3V70V4UHVgiqMpszXvG0Yqhg==

"@esbuild/linux-x64@0.19.7":
  version "0.19.7"
  resolved "https://registry.yarnpkg.com/@esbuild/linux-x64/-/linux-x64-0.19.7.tgz#84e8018a913dd4ecee954623e395984aef3d0007"
  integrity sha512-ZYZopyLhm4mcoZXjFt25itRlocKlcazDVkB4AhioiL9hOWhDldU9n38g62fhOI4Pth6vp+Mrd5rFKxD0/S+7aQ==

"@esbuild/netbsd-x64@0.19.7":
  version "0.19.7"
  resolved "https://registry.yarnpkg.com/@esbuild/netbsd-x64/-/netbsd-x64-0.19.7.tgz#98898ba8800374c9df9bb182ca4f69fcecaf4411"
  integrity sha512-/yfjlsYmT1O3cum3J6cmGG16Fd5tqKMcg5D+sBYLaOQExheAJhqr8xOAEIuLo8JYkevmjM5zFD9rVs3VBcsjtQ==

"@esbuild/openbsd-x64@0.19.7":
  version "0.19.7"
  resolved "https://registry.yarnpkg.com/@esbuild/openbsd-x64/-/openbsd-x64-0.19.7.tgz#46dc4eda2adb51f16361b1ad10e9b3f4938c4573"
  integrity sha512-MYDFyV0EW1cTP46IgUJ38OnEY5TaXxjoDmwiTXPjezahQgZd+j3T55Ht8/Q9YXBM0+T9HJygrSRGV5QNF/YVDQ==

"@esbuild/sunos-x64@0.19.7":
  version "0.19.7"
  resolved "https://registry.yarnpkg.com/@esbuild/sunos-x64/-/sunos-x64-0.19.7.tgz#1650d40dd88412ecc11490119cd23cbaf661a591"
  integrity sha512-JcPvgzf2NN/y6X3UUSqP6jSS06V0DZAV/8q0PjsZyGSXsIGcG110XsdmuWiHM+pno7/mJF6fjH5/vhUz/vA9fw==

"@esbuild/win32-arm64@0.19.7":
  version "0.19.7"
  resolved "https://registry.yarnpkg.com/@esbuild/win32-arm64/-/win32-arm64-0.19.7.tgz#e61de6c4eb204d83fd912f3ae6812cc8c7d32d25"
  integrity sha512-ZA0KSYti5w5toax5FpmfcAgu3ZNJxYSRm0AW/Dao5up0YV1hDVof1NvwLomjEN+3/GMtaWDI+CIyJOMTRSTdMw==

"@esbuild/win32-ia32@0.19.7":
  version "0.19.7"
  resolved "https://registry.yarnpkg.com/@esbuild/win32-ia32/-/win32-ia32-0.19.7.tgz#3d9c159d42c67e37a433e44ef8217c661cb6f6d0"
  integrity sha512-CTOnijBKc5Jpk6/W9hQMMvJnsSYRYgveN6O75DTACCY18RA2nqka8dTZR+x/JqXCRiKk84+5+bRKXUSbbwsS0A==

"@esbuild/win32-x64@0.19.7":
  version "0.19.7"
  resolved "https://registry.yarnpkg.com/@esbuild/win32-x64/-/win32-x64-0.19.7.tgz#02c4446f802706098d8e6ee70cf2b7aba96ded0b"
  integrity sha512-gRaP2sk6hc98N734luX4VpF318l3w+ofrtTu9j5L8EQXF+FzQKV6alCOHMVoJJHvVK/mGbwBXfOL1HETQu9IGQ==

"@types/d3-array@*":
  version "1.2.1"
  resolved "https://registry.yarnpkg.com/@types/d3-array/-/d3-array-1.2.1.tgz#e489605208d46a1c9d980d2e5772fa9c75d9ec65"

"@types/d3-axis@*":
  version "1.0.10"
  resolved "https://registry.yarnpkg.com/@types/d3-axis/-/d3-axis-1.0.10.tgz#41d6b3ea9032f9531ec0d71d83bcf49294511210"
  dependencies:
    "@types/d3-selection" "*"

"@types/d3-brush@*":
  version "1.0.8"
  resolved "https://registry.yarnpkg.com/@types/d3-brush/-/d3-brush-1.0.8.tgz#2bb9b93e58115da9e0c94ac2b865e34d3631b69b"
  dependencies:
    "@types/d3-selection" "*"

"@types/d3-chord@*":
  version "1.0.7"
  resolved "https://registry.yarnpkg.com/@types/d3-chord/-/d3-chord-1.0.7.tgz#6cb982d84c02bf1b05874d921316451546fde9c3"

"@types/d3-collection@*":
  version "1.0.7"
  resolved "https://registry.yarnpkg.com/@types/d3-collection/-/d3-collection-1.0.7.tgz#829e1db477d6bbbcdc038cbc489f22798752d707"

"@types/d3-color@*":
  version "1.2.1"
  resolved "https://registry.yarnpkg.com/@types/d3-color/-/d3-color-1.2.1.tgz#26141c3c554e320edd40726b793570a3ae57397e"

"@types/d3-contour@*":
  version "1.2.1"
  resolved "https://registry.yarnpkg.com/@types/d3-contour/-/d3-contour-1.2.1.tgz#03d4f9849f8b99f841d2adf6f59b2dcf06987178"
  dependencies:
    "@types/d3-array" "*"
    "@types/geojson" "*"

"@types/d3-dispatch@*":
  version "1.0.6"
  resolved "https://registry.yarnpkg.com/@types/d3-dispatch/-/d3-dispatch-1.0.6.tgz#19b173f669cd2ab7dd3d862e8037aae1a98c7508"

"@types/d3-drag@*":
  version "1.2.1"
  resolved "https://registry.yarnpkg.com/@types/d3-drag/-/d3-drag-1.2.1.tgz#6394bcf2f6414140b3b0d521259cadc6fa1da926"
  dependencies:
    "@types/d3-selection" "*"

"@types/d3-dsv@*":
  version "1.0.33"
  resolved "https://registry.yarnpkg.com/@types/d3-dsv/-/d3-dsv-1.0.33.tgz#18de1867927f7ec898671aef82f730f16d4c7fcb"

"@types/d3-ease@*":
  version "1.0.7"
  resolved "https://registry.yarnpkg.com/@types/d3-ease/-/d3-ease-1.0.7.tgz#93a301868be9e15061f3d44343b1ab3f8acb6f09"

"@types/d3-fetch@*":
  version "1.1.2"
  resolved "https://registry.yarnpkg.com/@types/d3-fetch/-/d3-fetch-1.1.2.tgz#a59921477e25850ca6b3353e03d5d29e5a0e8e03"
  dependencies:
    "@types/d3-dsv" "*"

"@types/d3-force@*":
  version "1.1.1"
  resolved "https://registry.yarnpkg.com/@types/d3-force/-/d3-force-1.1.1.tgz#185c18b77932df63457894bd36d0d6e9692546c0"

"@types/d3-format@*":
  version "1.3.0"
  resolved "https://registry.yarnpkg.com/@types/d3-format/-/d3-format-1.3.0.tgz#c5e115fac8e6861ce656fe9861892b22f6b0cfcb"

"@types/d3-geo@*":
  version "1.10.3"
  resolved "https://registry.yarnpkg.com/@types/d3-geo/-/d3-geo-1.10.3.tgz#3c01b2baa480e1108301096328dc2837e7ff4d8a"
  dependencies:
    "@types/geojson" "*"

"@types/d3-hierarchy@*":
  version "1.1.2"
  resolved "https://registry.yarnpkg.com/@types/d3-hierarchy/-/d3-hierarchy-1.1.2.tgz#63a4e433f321ffc4dbd9aa05ff95962072b51993"

"@types/d3-interpolate@*":
  version "1.2.0"
  resolved "https://registry.yarnpkg.com/@types/d3-interpolate/-/d3-interpolate-1.2.0.tgz#b5587e013f8afbbc0194046e6a66bb7b8f1c8619"
  dependencies:
    "@types/d3-color" "*"

"@types/d3-path@*":
  version "1.0.7"
  resolved "https://registry.yarnpkg.com/@types/d3-path/-/d3-path-1.0.7.tgz#a0736fceed688a695f48265a82ff7a3369414b81"

"@types/d3-polygon@*":
  version "1.0.6"
  resolved "https://registry.yarnpkg.com/@types/d3-polygon/-/d3-polygon-1.0.6.tgz#db25c630a2afb9191fe51ba61dd37baee9dd44c7"

"@types/d3-quadtree@*":
  version "1.0.5"
  resolved "https://registry.yarnpkg.com/@types/d3-quadtree/-/d3-quadtree-1.0.5.tgz#1ce1e659eae4530df0cb127f297f1741a367a82e"

"@types/d3-random@*":
  version "1.1.1"
  resolved "https://registry.yarnpkg.com/@types/d3-random/-/d3-random-1.1.1.tgz#38647ce2ff4ce7d0d56974334c1c4092513c8b9f"

"@types/d3-scale-chromatic@*":
  version "1.2.0"
  resolved "https://registry.yarnpkg.com/@types/d3-scale-chromatic/-/d3-scale-chromatic-1.2.0.tgz#c415744622fd8033f98ebcc9cf962dc8333dec97"

"@types/d3-scale@*":
  version "2.0.1"
  resolved "https://registry.yarnpkg.com/@types/d3-scale/-/d3-scale-2.0.1.tgz#f94cd991c50422b2e68d8f43be3f9fffdb1ae7be"
  dependencies:
    "@types/d3-time" "*"

"@types/d3-selection@*":
  version "1.3.1"
  resolved "https://registry.yarnpkg.com/@types/d3-selection/-/d3-selection-1.3.1.tgz#c6227f4e39d429cc429ce3882fd533facc7f014c"

"@types/d3-shape@*":
  version "1.2.3"
  resolved "https://registry.yarnpkg.com/@types/d3-shape/-/d3-shape-1.2.3.tgz#cadc9f93a626db9190f306048a650df4ffa4e500"
  dependencies:
    "@types/d3-path" "*"

"@types/d3-time-format@*":
  version "2.1.0"
  resolved "https://registry.yarnpkg.com/@types/d3-time-format/-/d3-time-format-2.1.0.tgz#011e0fb7937be34a9a8f580ae1e2f2f1336a8a22"

"@types/d3-time@*":
  version "1.0.8"
  resolved "https://registry.yarnpkg.com/@types/d3-time/-/d3-time-1.0.8.tgz#6c083127b330b3c2fc65cd0f3a6e9cbd9607b28c"

"@types/d3-timer@*":
  version "1.0.7"
  resolved "https://registry.yarnpkg.com/@types/d3-timer/-/d3-timer-1.0.7.tgz#053e6369d9485c9dc80bc62fc0851123341d7816"

"@types/d3-transition@*":
  version "1.1.2"
  resolved "https://registry.yarnpkg.com/@types/d3-transition/-/d3-transition-1.1.2.tgz#1106fc3129decc9ad5682a9f52b2dfa52f14e57c"
  dependencies:
    "@types/d3-selection" "*"

"@types/d3-voronoi@*":
  version "1.1.7"
  resolved "https://registry.yarnpkg.com/@types/d3-voronoi/-/d3-voronoi-1.1.7.tgz#c0a145cf04395927e01706ff6c4ff835c97a8ece"

"@types/d3-zoom@*":
  version "1.7.1"
  resolved "https://registry.yarnpkg.com/@types/d3-zoom/-/d3-zoom-1.7.1.tgz#0d69be0bf5849cffb66f48e4258c838436b43822"
  dependencies:
    "@types/d3-interpolate" "*"
    "@types/d3-selection" "*"

"@types/d3@^5.0.0":
  version "5.0.0"
  resolved "https://registry.yarnpkg.com/@types/d3/-/d3-5.0.0.tgz#fec49f2aea0f0784f829eff38132926e92676d57"
  dependencies:
    "@types/d3-array" "*"
    "@types/d3-axis" "*"
    "@types/d3-brush" "*"
    "@types/d3-chord" "*"
    "@types/d3-collection" "*"
    "@types/d3-color" "*"
    "@types/d3-contour" "*"
    "@types/d3-dispatch" "*"
    "@types/d3-drag" "*"
    "@types/d3-dsv" "*"
    "@types/d3-ease" "*"
    "@types/d3-fetch" "*"
    "@types/d3-force" "*"
    "@types/d3-format" "*"
    "@types/d3-geo" "*"
    "@types/d3-hierarchy" "*"
    "@types/d3-interpolate" "*"
    "@types/d3-path" "*"
    "@types/d3-polygon" "*"
    "@types/d3-quadtree" "*"
    "@types/d3-random" "*"
    "@types/d3-scale" "*"
    "@types/d3-scale-chromatic" "*"
    "@types/d3-selection" "*"
    "@types/d3-shape" "*"
    "@types/d3-time" "*"
    "@types/d3-time-format" "*"
    "@types/d3-timer" "*"
    "@types/d3-transition" "*"
    "@types/d3-voronoi" "*"
    "@types/d3-zoom" "*"

"@types/geojson@*":
  version "7946.0.4"
  resolved "https://registry.yarnpkg.com/@types/geojson/-/geojson-7946.0.4.tgz#4e049756383c3f055dd8f3d24e63fb543e98eb07"

"@types/mithril@^2.2.6":
  version "2.2.6"
  resolved "https://registry.yarnpkg.com/@types/mithril/-/mithril-2.2.6.tgz#fc93cffb294a65f592ecfc9f05d38f0df6f01ef1"
  integrity sha512-cU142pS/rDHpE0NlC2XJpejD2ihzMQ+jI7R0cOLCVWRQJFxwD9CUxJGdRmWu9DrGLr52G2QjMRCfXs+ew4LD2Q==

"@types/node@^10.5.2":
  version "10.5.2"
  resolved "https://registry.yarnpkg.com/@types/node/-/node-10.5.2.tgz#f19f05314d5421fe37e74153254201a7bf00a707"

axios@^0.17.0:
  version "0.17.1"
  resolved "https://registry.yarnpkg.com/axios/-/axios-0.17.1.tgz#2d8e3e5d0bdbd7327f91bc814f5c57660f81824d"
  dependencies:
    follow-redirects "^1.2.5"
    is-buffer "^1.1.5"

balanced-match@^1.0.0:
  version "1.0.0"
  resolved "https://registry.yarnpkg.com/balanced-match/-/balanced-match-1.0.0.tgz#89b4d199ab2bee49de164ea02b89ce462d71b767"

brace-expansion@^1.1.7:
  version "1.1.11"
  resolved "https://registry.yarnpkg.com/brace-expansion/-/brace-expansion-1.1.11.tgz#3c7fcbf529d87226f3d2f52b966ff5271eb441dd"
  dependencies:
    balanced-match "^1.0.0"
    concat-map "0.0.1"

commander@2:
  version "2.16.0"
  resolved "https://registry.yarnpkg.com/commander/-/commander-2.16.0.tgz#f16390593996ceb4f3eeb020b31d78528f7f8a50"

concat-map@0.0.1:
  version "0.0.1"
  resolved "https://registry.yarnpkg.com/concat-map/-/concat-map-0.0.1.tgz#d8a96bd77fd68df7793a73036a3ba0d5405d477b"

d3-array@1, d3-array@^1.1.1, d3-array@^1.2.0:
  version "1.2.1"
  resolved "https://registry.yarnpkg.com/d3-array/-/d3-array-1.2.1.tgz#d1ca33de2f6ac31efadb8e050a021d7e2396d5dc"

d3-axis@1:
  version "1.0.8"
  resolved "https://registry.yarnpkg.com/d3-axis/-/d3-axis-1.0.8.tgz#31a705a0b535e65759de14173a31933137f18efa"

d3-brush@1:
  version "1.0.4"
  resolved "https://registry.yarnpkg.com/d3-brush/-/d3-brush-1.0.4.tgz#00c2f238019f24f6c0a194a26d41a1530ffe7bc4"
  dependencies:
    d3-dispatch "1"
    d3-drag "1"
    d3-interpolate "1"
    d3-selection "1"
    d3-transition "1"

d3-chord@1:
  version "1.0.4"
  resolved "https://registry.yarnpkg.com/d3-chord/-/d3-chord-1.0.4.tgz#7dec4f0ba886f713fe111c45f763414f6f74ca2c"
  dependencies:
    d3-array "1"
    d3-path "1"

d3-collection@1:
  version "1.0.4"
  resolved "https://registry.yarnpkg.com/d3-collection/-/d3-collection-1.0.4.tgz#342dfd12837c90974f33f1cc0a785aea570dcdc2"

d3-color@1:
  version "1.2.0"
  resolved "https://registry.yarnpkg.com/d3-color/-/d3-color-1.2.0.tgz#d1ea19db5859c86854586276ec892cf93148459a"

d3-contour@1:
  version "1.3.0"
  resolved "https://registry.yarnpkg.com/d3-contour/-/d3-contour-1.3.0.tgz#cfb99098c48c46edd77e15ce123162f9e333e846"
  dependencies:
    d3-array "^1.1.1"

d3-dispatch@1:
  version "1.0.3"
  resolved "https://registry.yarnpkg.com/d3-dispatch/-/d3-dispatch-1.0.3.tgz#46e1491eaa9b58c358fce5be4e8bed626e7871f8"

d3-drag@1:
  version "1.2.1"
  resolved "https://registry.yarnpkg.com/d3-drag/-/d3-drag-1.2.1.tgz#df8dd4c502fb490fc7462046a8ad98a5c479282d"
  dependencies:
    d3-dispatch "1"
    d3-selection "1"

d3-dsv@1:
  version "1.0.8"
  resolved "https://registry.yarnpkg.com/d3-dsv/-/d3-dsv-1.0.8.tgz#907e240d57b386618dc56468bacfe76bf19764ae"
  dependencies:
    commander "2"
    iconv-lite "0.4"
    rw "1"

d3-ease@1:
  version "1.0.3"
  resolved "https://registry.yarnpkg.com/d3-ease/-/d3-ease-1.0.3.tgz#68bfbc349338a380c44d8acc4fbc3304aa2d8c0e"

d3-fetch@1:
  version "1.1.0"
  resolved "https://registry.yarnpkg.com/d3-fetch/-/d3-fetch-1.1.0.tgz#31cbcd506b21d6519ac6a120a079de8d0a57c00f"
  dependencies:
    d3-dsv "1"

d3-force@1:
  version "1.1.0"
  resolved "https://registry.yarnpkg.com/d3-force/-/d3-force-1.1.0.tgz#cebf3c694f1078fcc3d4daf8e567b2fbd70d4ea3"
  dependencies:
    d3-collection "1"
    d3-dispatch "1"
    d3-quadtree "1"
    d3-timer "1"

d3-format@1:
  version "1.3.0"
  resolved "https://registry.yarnpkg.com/d3-format/-/d3-format-1.3.0.tgz#a3ac44269a2011cdb87c7b5693040c18cddfff11"

d3-geo@1:
  version "1.10.0"
  resolved "https://registry.yarnpkg.com/d3-geo/-/d3-geo-1.10.0.tgz#2972d18014f1e38fc1f8bb6d545377bdfb00c9ab"
  dependencies:
    d3-array "1"

d3-hierarchy@1:
  version "1.1.6"
  resolved "https://registry.yarnpkg.com/d3-hierarchy/-/d3-hierarchy-1.1.6.tgz#842c1372090f870b7ea013ebae5c0c8d9f56229c"

d3-interpolate@1:
  version "1.2.0"
  resolved "https://registry.yarnpkg.com/d3-interpolate/-/d3-interpolate-1.2.0.tgz#40d81bd8e959ff021c5ea7545bc79b8d22331c41"
  dependencies:
    d3-color "1"

d3-path@1:
  version "1.0.5"
  resolved "https://registry.yarnpkg.com/d3-path/-/d3-path-1.0.5.tgz#241eb1849bd9e9e8021c0d0a799f8a0e8e441764"

d3-polygon@1:
  version "1.0.3"
  resolved "https://registry.yarnpkg.com/d3-polygon/-/d3-polygon-1.0.3.tgz#16888e9026460933f2b179652ad378224d382c62"

d3-quadtree@1:
  version "1.0.3"
  resolved "https://registry.yarnpkg.com/d3-quadtree/-/d3-quadtree-1.0.3.tgz#ac7987e3e23fe805a990f28e1b50d38fcb822438"

d3-random@1:
  version "1.1.0"
  resolved "https://registry.yarnpkg.com/d3-random/-/d3-random-1.1.0.tgz#6642e506c6fa3a648595d2b2469788a8d12529d3"

d3-scale-chromatic@1:
  version "1.3.0"
  resolved "https://registry.yarnpkg.com/d3-scale-chromatic/-/d3-scale-chromatic-1.3.0.tgz#7ee38ffcaa7ad55cfed83a6a668aac5570c653c4"
  dependencies:
    d3-color "1"
    d3-interpolate "1"

d3-scale@2:
  version "2.1.0"
  resolved "https://registry.yarnpkg.com/d3-scale/-/d3-scale-2.1.0.tgz#8d3fd3e2a7c9080782a523c08507c5248289eef8"
  dependencies:
    d3-array "^1.2.0"
    d3-collection "1"
    d3-format "1"
    d3-interpolate "1"
    d3-time "1"
    d3-time-format "2"

d3-selection@1, d3-selection@^1.1.0:
  version "1.3.0"
  resolved "https://registry.yarnpkg.com/d3-selection/-/d3-selection-1.3.0.tgz#d53772382d3dc4f7507bfb28bcd2d6aed2a0ad6d"

d3-shape@1:
  version "1.2.0"
  resolved "https://registry.yarnpkg.com/d3-shape/-/d3-shape-1.2.0.tgz#45d01538f064bafd05ea3d6d2cb748fd8c41f777"
  dependencies:
    d3-path "1"

d3-time-format@2:
  version "2.1.1"
  resolved "https://registry.yarnpkg.com/d3-time-format/-/d3-time-format-2.1.1.tgz#85b7cdfbc9ffca187f14d3c456ffda268081bb31"
  dependencies:
    d3-time "1"

d3-time@1:
  version "1.0.8"
  resolved "https://registry.yarnpkg.com/d3-time/-/d3-time-1.0.8.tgz#dbd2d6007bf416fe67a76d17947b784bffea1e84"

d3-timer@1:
  version "1.0.7"
  resolved "https://registry.yarnpkg.com/d3-timer/-/d3-timer-1.0.7.tgz#df9650ca587f6c96607ff4e60cc38229e8dd8531"

d3-transition@1:
  version "1.1.1"
  resolved "https://registry.yarnpkg.com/d3-transition/-/d3-transition-1.1.1.tgz#d8ef89c3b848735b060e54a39b32aaebaa421039"
  dependencies:
    d3-color "1"
    d3-dispatch "1"
    d3-ease "1"
    d3-interpolate "1"
    d3-selection "^1.1.0"
    d3-timer "1"

d3-voronoi@1:
  version "1.1.2"
  resolved "https://registry.yarnpkg.com/d3-voronoi/-/d3-voronoi-1.1.2.tgz#1687667e8f13a2d158c80c1480c5a29cb0d8973c"

d3-zoom@1:
  version "1.7.1"
  resolved "https://registry.yarnpkg.com/d3-zoom/-/d3-zoom-1.7.1.tgz#02f43b3c3e2db54f364582d7e4a236ccc5506b63"
  dependencies:
    d3-dispatch "1"
    d3-drag "1"
    d3-interpolate "1"
    d3-selection "1"
    d3-transition "1"

d3@^5.5.0:
  version "5.5.0"
  resolved "https://registry.yarnpkg.com/d3/-/d3-5.5.0.tgz#948413b91b988a6597f3e4c3e941d3b530bfee63"
  dependencies:
    d3-array "1"
    d3-axis "1"
    d3-brush "1"
    d3-chord "1"
    d3-collection "1"
    d3-color "1"
    d3-contour "1"
    d3-dispatch "1"
    d3-drag "1"
    d3-dsv "1"
    d3-ease "1"
    d3-fetch "1"
    d3-force "1"
    d3-format "1"
    d3-geo "1"
    d3-hierarchy "1"
    d3-interpolate "1"
    d3-path "1"
    d3-polygon "1"
    d3-quadtree "1"
    d3-random "1"
    d3-scale "2"
    d3-scale-chromatic "1"
    d3-selection "1"
    d3-shape "1"
    d3-time "1"
    d3-time-format "2"
    d3-timer "1"
    d3-transition "1"
    d3-voronoi "1"
    d3-zoom "1"

debug@^3.1.0:
  version "3.1.0"
  resolved "https://registry.yarnpkg.com/debug/-/debug-3.1.0.tgz#5bb5a0672628b64149566ba16819e61518c67261"
  dependencies:
    ms "2.0.0"

esbuild@^0.19.7:
  version "0.19.7"
  resolved "https://registry.yarnpkg.com/esbuild/-/esbuild-0.19.7.tgz#b9a7235097b81278dcf090e2532ed13c95a2ee84"
  integrity sha512-6brbTZVqxhqgbpqBR5MzErImcpA0SQdoKOkcWK/U30HtQxnokIpG3TX2r0IJqbFUzqLjhU/zC1S5ndgakObVCQ==
  optionalDependencies:
    "@esbuild/android-arm" "0.19.7"
    "@esbuild/android-arm64" "0.19.7"
    "@esbuild/android-x64" "0.19.7"
    "@esbuild/darwin-arm64" "0.19.7"
    "@esbuild/darwin-x64" "0.19.7"
    "@esbuild/freebsd-arm64" "0.19.7"
    "@esbuild/freebsd-x64" "0.19.7"
    "@esbuild/linux-arm" "0.19.7"
    "@esbuild/linux-arm64" "0.19.7"
    "@esbuild/linux-ia32" "0.19.7"
    "@esbuild/linux-loong64" "0.19.7"
    "@esbuild/linux-mips64el" "0.19.7"
    "@esbuild/linux-ppc64" "0.19.7"
    "@esbuild/linux-riscv64" "0.19.7"
    "@esbuild/linux-s390x" "0.19.7"
    "@esbuild/linux-x64" "0.19.7"
    "@esbuild/netbsd-x64" "0.19.7"
    "@esbuild/openbsd-x64" "0.19.7"
    "@esbuild/sunos-x64" "0.19.7"
    "@esbuild/win32-arm64" "0.19.7"
    "@esbuild/win32-ia32" "0.19.7"
    "@esbuild/win32-x64" "0.19.7"

follow-redirects@^1.2.5:
  version "1.5.1"
  resolved "https://registry.yarnpkg.com/follow-redirects/-/follow-redirects-1.5.1.tgz#67a8f14f5a1f67f962c2c46469c79eaec0a90291"
  dependencies:
    debug "^3.1.0"

fs.realpath@^1.0.0:
  version "1.0.0"
  resolved "https://registry.yarnpkg.com/fs.realpath/-/fs.realpath-1.0.0.tgz#1504ad2523158caa40db4a2787cb01411994ea4f"

glob@^7.1.3:
  version "7.2.3"
  resolved "https://registry.yarnpkg.com/glob/-/glob-7.2.3.tgz#b8df0fb802bbfa8e89bd1d938b4e16578ed44f2b"
  integrity sha512-nFR0zLpU2YCaRxwoCJvL6UvCH2JFyFVIvwTLsIf21AuHlMskA1hhTdk+LlYJtOlYt9v6dvszD2BGRqBL+iQK9Q==
  dependencies:
    fs.realpath "^1.0.0"
    inflight "^1.0.4"
    inherits "2"
    minimatch "^3.1.1"
    once "^1.3.0"
    path-is-absolute "^1.0.0"

iconv-lite@0.4:
  version "0.4.23"
  resolved "https://registry.yarnpkg.com/iconv-lite/-/iconv-lite-0.4.23.tgz#297871f63be507adcfbfca715d0cd0eed84e9a63"
  dependencies:
    safer-buffer ">= 2.1.2 < 3"

immediate@~3.0.5:
  version "3.0.6"
  resolved "https://registry.yarnpkg.com/immediate/-/immediate-3.0.6.tgz#9db1dbd0faf8de6fbe0f5dd5e56bb606280de69b"

inflight@^1.0.4:
  version "1.0.6"
  resolved "https://registry.yarnpkg.com/inflight/-/inflight-1.0.6.tgz#49bd6331d7d02d0c09bc910a1075ba8165b56df9"
  dependencies:
    once "^1.3.0"
    wrappy "1"

inherits@2:
  version "2.0.3"
  resolved "https://registry.yarnpkg.com/inherits/-/inherits-2.0.3.tgz#633c2c83e3da42a502f52466022480f4208261de"

is-buffer@^1.1.5:
  version "1.1.6"
  resolved "https://registry.yarnpkg.com/is-buffer/-/is-buffer-1.1.6.tgz#efaa2ea9daa0d7ab2ea13a97b2b8ad51fefbe8be"

lie@3.1.1:
  version "3.1.1"
  resolved "https://registry.yarnpkg.com/lie/-/lie-3.1.1.tgz#9a436b2cc7746ca59de7a41fa469b3efb76bd87e"
  dependencies:
    immediate "~3.0.5"

localforage@^1.5.0:
  version "1.7.2"
  resolved "https://registry.yarnpkg.com/localforage/-/localforage-1.7.2.tgz#fa4442602f806edd2bca6a54ab4e656f031f121c"
  dependencies:
    lie "3.1.1"

minimatch@^3.1.1:
  version "3.1.2"
  resolved "https://registry.yarnpkg.com/minimatch/-/minimatch-3.1.2.tgz#19cd194bfd3e428f049a70817c038d89ab4be35b"
  integrity sha512-J7p63hRiAjw1NDEww1W7i37+ByIrOWO5XQQAzZ3VOcL0PNybwpfmV/N05zFAzwQ9USyEcX6t3UO+K5aqBQOIHw==
  dependencies:
    brace-expansion "^1.1.7"

mithril-stream@^2.0.0:
  version "2.0.0"
  resolved "https://registry.yarnpkg.com/mithril-stream/-/mithril-stream-2.0.0.tgz#b33a9b8d1f1a93b50f79e13a3454d3a39d7e39fb"
  integrity sha512-7anPud4n2FMGIXBQATVpFzclkddXHmJ1TzlqOP9STybk8JZYOPAD2otMYiMDc6sPrTNDY5S6GPDlYNIUY8Qs3Q==

mithril@^2.2.2:
  version "2.2.2"
  resolved "https://registry.yarnpkg.com/mithril/-/mithril-2.2.2.tgz#5a0743bd04726cc1efa6e91477f995d80fc6c539"
  integrity sha512-YRm6eLv2UUaWaWHdH8L+desW9+DN7+oM34CxJv6tT2e1lNVue8bxQlknQeDRn9aKlO8sIujm2wqUHwM+Hb1wGQ==
  dependencies:
    ospec "4.0.0"

ms@2.0.0:
  version "2.0.0"
  resolved "https://registry.yarnpkg.com/ms/-/ms-2.0.0.tgz#5608aeadfc00be6c2901df5f9861788de0d597c8"

once@^1.3.0:
  version "1.4.0"
  resolved "https://registry.yarnpkg.com/once/-/once-1.4.0.tgz#583b1aa775961d4b113ac17d9c50baef9dd76bd1"
  dependencies:
    wrappy "1"

ospec@4.0.0:
  version "4.0.0"
  resolved "https://registry.yarnpkg.com/ospec/-/ospec-4.0.0.tgz#7aaf8cb6d352a3f22e879460eebbc5f12df99779"
  integrity sha512-MpDtkpscOxHYb4w71v7GB4LBsRuzxZnM+HdwjhzJQzu+5EJvA80yxTaKw+wp5Dmf5RV2/Bg3Uvz2vlI/PhW9Ow==
  dependencies:
    glob "^7.1.3"

ospec@^4.2.0:
  version "4.2.0"
  resolved "https://registry.yarnpkg.com/ospec/-/ospec-4.2.0.tgz#8cbddee75db6b0a3d24e07196c79088fcbb88b32"
  integrity sha512-KS7aAuuMCxRjxZULAqk8OBf4Cleik7+iGr8w3rS1RSLC/KqOEsZANj86QwQmQoJgSAezJYH44NwUue5IcQ0NTg==
  dependencies:
    glob "^7.1.3"

path-is-absolute@^1.0.0:
  version "1.0.1"
  resolved "https://registry.yarnpkg.com/path-is-absolute/-/path-is-absolute-1.0.1.tgz#174b9268735534ffbc7ace6bf53a5a9e1b5c5f5f"

pokeapi-js-wrapper@^1.1.1:
  version "1.1.1"
  resolved "https://registry.yarnpkg.com/pokeapi-js-wrapper/-/pokeapi-js-wrapper-1.1.1.tgz#03cfa481bf413db6398760cf08bf884e61d8b887"
  dependencies:
    axios "^0.17.0"
    localforage "^1.5.0"

rw@1:
  version "1.3.3"
  resolved "https://registry.yarnpkg.com/rw/-/rw-1.3.3.tgz#3f862dfa91ab766b14885ef4d01124bfda074fb4"

"safer-buffer@>= 2.1.2 < 3":
  version "2.1.2"
  resolved "https://registry.yarnpkg.com/safer-buffer/-/safer-buffer-2.1.2.tgz#44fa161b0187b9549dd84bb91802f9bd8385cd6a"

typescript@^5.3.2:
  version "5.3.2"
  resolved "https://registry.yarnpkg.com/typescript/-/typescript-5.3.2.tgz#00d1c7c1c46928c5845c1ee8d0cc2791031d4c43"
  integrity sha512-6l+RyNy7oAHDfxC4FzSJcz9vnjTKxrLpDG5M2Vu4SHRVNg6xzqZp6LYSR9zjqQTu8DU/f5xwxUdADOkbrIX2gQ==

wrappy@1:
  version "1.0.2"
  resolved "https://registry.yarnpkg.com/wrappy/-/wrappy-1.0.2.tgz#b5243d8f3ec1aa35f1364605bc0d1036e30ab69f"
