# THIS IS AN AUTOGENERATED FILE. DO NOT EDIT THIS FILE DIRECTLY.
# yarn lockfile v1


"@esbuild/android-arm64@0.19.7":
  version "0.19.7"
  resolved "https://registry.yarnpkg.com/@esbuild/android-arm64/-/android-arm64-0.19.7.tgz#646156aea43e8e6723de6e94a4ac07c5aed41be1"
  integrity sha512-YEDcw5IT7hW3sFKZBkCAQaOCJQLONVcD4bOyTXMZz5fr66pTHnAet46XAtbXAkJRfIn2YVhdC6R9g4xa27jQ1w==

"@esbuild/android-arm@0.19.7":
  version "0.19.7"
  resolved "https://registry.yarnpkg.com/@esbuild/android-arm/-/android-arm-0.19.7.tgz#0827b49aed813c33ea18ee257c1728cdc4a01030"
  integrity sha512-YGSPnndkcLo4PmVl2tKatEn+0mlVMr3yEpOOT0BeMria87PhvoJb5dg5f5Ft9fbCVgtAz4pWMzZVgSEGpDAlww==

"@esbuild/android-x64@0.19.7":
  version "0.19.7"
  resolved "https://registry.yarnpkg.com/@esbuild/android-x64/-/android-x64-0.19.7.tgz#fa294ed5214d88219d519e0ab1bbb0253a89b864"
  integrity sha512-jhINx8DEjz68cChFvM72YzrqfwJuFbfvSxZAk4bebpngGfNNRm+zRl4rtT9oAX6N9b6gBcFaJHFew5Blf6CvUw==

"@esbuild/darwin-arm64@0.19.7":
  version "0.19.7"
  resolved "https://registry.yarnpkg.com/@esbuild/darwin-arm64/-/darwin-arm64-0.19.7.tgz#e24d2ed545749ff251eabe8bce11fefa688892d3"
  integrity sha512-dr81gbmWN//3ZnBIm6YNCl4p3pjnabg1/ZVOgz2fJoUO1a3mq9WQ/1iuEluMs7mCL+Zwv7AY5e3g1hjXqQZ9Iw==

"@esbuild/darwin-x64@0.19.7":
  version "0.19.7"
  resolved "https://registry.yarnpkg.com/@esbuild/darwin-x64/-/darwin-x64-0.19.7.tgz#02d1f8a572874c90d8f55dde8a859e5145bd06f6"
  integrity sha512-Lc0q5HouGlzQEwLkgEKnWcSazqr9l9OdV2HhVasWJzLKeOt0PLhHaUHuzb8s/UIya38DJDoUm74GToZ6Wc7NGQ==

"@esbuild/freebsd-arm64@0.19.7":
  version "0.19.7"
  resolved "https://registry.yarnpkg.com/@esbuild/freebsd-arm64/-/freebsd-arm64-0.19.7.tgz#bc6a69b9a7915da278f0a5ebaec069c813982c22"
  integrity sha512-+y2YsUr0CxDFF7GWiegWjGtTUF6gac2zFasfFkRJPkMAuMy9O7+2EH550VlqVdpEEchWMynkdhC9ZjtnMiHImQ==

"@esbuild/freebsd-x64@0.19.7":
  version "0.19.7"
  resolved "https://registry.yarnpkg.com/@esbuild/freebsd-x64/-/freebsd-x64-0.19.7.tgz#ec3708488625d70e565968ceea1355e7c8613865"
  integrity sha512-CdXOxIbIzPJmJhrpmJTLx+o35NoiKBIgOvmvT+jeSadYiWJn0vFKsl+0bSG/5lwjNHoIDEyMYc/GAPR9jxusTA==

"@esbuild/linux-arm64@0.19.7":
  version "0.19.7"
  resolved "https://registry.yarnpkg.com/@esbuild/linux-arm64/-/linux-arm64-0.19.7.tgz#8e04b66c306858f92d4f90f8222775270755e88a"
  integrity sha512-inHqdOVCkUhHNvuQPT1oCB7cWz9qQ/Cz46xmVe0b7UXcuIJU3166aqSunsqkgSGMtUCWOZw3+KMwI6otINuC9g==

"@esbuild/linux-arm@0.19.7":
  version "0.19.7"
  resolved "https://registry.yarnpkg.com/@esbuild/linux-arm/-/linux-arm-0.19.7.tgz#12d5b65e089029ee1fe4c591b60969c9b1a85355"
  integrity sha512-Y+SCmWxsJOdQtjcBxoacn/pGW9HDZpwsoof0ttL+2vGcHokFlfqV666JpfLCSP2xLxFpF1lj7T3Ox3sr95YXww==

"@esbuild/linux-ia32@0.19.7":
  version "0.19.7"
  resolved "https://registry.yarnpkg.com/@esbuild/linux-ia32/-/linux-ia32-0.19.7.tgz#01eabc2a3ad9039e115db650268e4f48f910dbe2"
  integrity sha512-2BbiL7nLS5ZO96bxTQkdO0euGZIUQEUXMTrqLxKUmk/Y5pmrWU84f+CMJpM8+EHaBPfFSPnomEaQiG/+Gmh61g==

"@esbuild/linux-loong64@0.19.7":
  version "0.19.7"
  resolved "https://registry.yarnpkg.com/@esbuild/linux-loong64/-/linux-loong64-0.19.7.tgz#70681113632970e6a5766607bbdb98aa18cf4d5f"
  integrity sha512-BVFQla72KXv3yyTFCQXF7MORvpTo4uTA8FVFgmwVrqbB/4DsBFWilUm1i2Oq6zN36DOZKSVUTb16jbjedhfSHw==

"@esbuild/linux-mips64el@0.19.7":
  version "0.19.7"
  resolved "https://registry.yarnpkg.com/@esbuild/linux-mips64el/-/linux-mips64el-0.19.7.tgz#f63c022a71a3d70c482d1943a27cb8997021e230"
  integrity sha512-DzAYckIaK+pS31Q/rGpvUKu7M+5/t+jI+cdleDgUwbU7KdG2eC3SUbZHlo6Q4P1CfVKZ1lUERRFP8+q0ob9i2w==

"@esbuild/linux-ppc64@0.19.7":
  version "0.19.7"
  resolved "https://registry.yarnpkg.com/@esbuild/linux-ppc64/-/linux-ppc64-0.19.7.tgz#614eafd08b0c50212f287b948b3c08d6e60f221f"
  integrity sha512-JQ1p0SmUteNdUaaiRtyS59GkkfTW0Edo+e0O2sihnY4FoZLz5glpWUQEKMSzMhA430ctkylkS7+vn8ziuhUugQ==

"@esbuild/linux-riscv64@0.19.7":
  version "0.19.7"
  resolved "https://registry.yarnpkg.com/@esbuild/linux-riscv64/-/linux-riscv64-0.19.7.tgz#31d3b63f92f65968268a8e61ba59872538e80e88"
  integrity sha512-xGwVJ7eGhkprY/nB7L7MXysHduqjpzUl40+XoYDGC4UPLbnG+gsyS1wQPJ9lFPcxYAaDXbdRXd1ACs9AE9lxuw==

"@esbuild/linux-s390x@0.19.7":
  version "0.19.7"
  resolved "https://registry.yarnpkg.com/@esbuild/linux-s390x/-/linux-s390x-0.19.7.tgz#be94974e0caa0783ae05f9477fd7170b9ac29cb0"
  integrity sha512-U8Rhki5PVU0L0nvk+E8FjkV8r4Lh4hVEb9duR6Zl21eIEYEwXz8RScj4LZWA2i3V70V4UHVgiqMpszXvG0Yqhg==

"@esbuild/linux-x64@0.19.7":
  version "0.19.7"
  resolved "https://registry.yarnpkg.com/@esbuild/linux-x64/-/linux-x64-0.19.7.tgz#84e8018a913dd4ecee954623e395984aef3d0007"
  integrity sha512-ZYZopyLhm4mcoZXjFt25itRlocKlcazDVkB4AhioiL9hOWhDldU9n38g62fhOI4Pth6vp+Mrd5rFKxD0/S+7aQ==

"@esbuild/netbsd-x64@0.19.7":
  version "0.19.7"
  resolved "https://registry.yarnpkg.com/@esbuild/netbsd-x64/-/netbsd-x64-0.19.7.tgz#98898ba8800374c9df9bb182ca4f69fcecaf4411"
  integrity sha512-/yfjlsYmT1O3cum3J6cmGG16Fd5tqKMcg5D+sBYLaOQExheAJhqr8xOAEIuLo8JYkevmjM5zFD9rVs3VBcsjtQ==

"@esbuild/openbsd-x64@0.19.7":
  version "0.19.7"
  resolved "https://registry.yarnpkg.com/@esbuild/openbsd-x64/-/openbsd-x64-0.19.7.tgz#46dc4eda2adb51f16361b1ad10e9b3f4938c4573"
  integrity sha512-MYDFyV0EW1cTP46IgUJ38OnEY5TaXxjoDmwiTXPjezahQgZd+j3T55Ht8/Q9YXBM0+T9HJygrSRGV5QNF/YVDQ==

"@esbuild/sunos-x64@0.19.7":
  version "0.19.7"
  resolved "https://registry.yarnpkg.com/@esbuild/sunos-x64/-/sunos-x64-0.19.7.tgz#1650d40dd88412ecc11490119cd23cbaf661a591"
  integrity sha512-JcPvgzf2NN/y6X3UUSqP6jSS06V0DZAV/8q0PjsZyGSXsIGcG110XsdmuWiHM+pno7/mJF6fjH5/vhUz/vA9fw==

"@esbuild/win32-arm64@0.19.7":
  version "0.19.7"
  resolved "https://registry.yarnpkg.com/@esbuild/win32-arm64/-/win32-arm64-0.19.7.tgz#e61de6c4eb204d83fd912f3ae6812cc8c7d32d25"
  integrity sha512-ZA0KSYti5w5toax5FpmfcAgu3ZNJxYSRm0AW/Dao5up0YV1hDVof1NvwLomjEN+3/GMtaWDI+CIyJOMTRSTdMw==

"@esbuild/win32-ia32@0.19.7":
  version "0.19.7"
  resolved "https://registry.yarnpkg.com/@esbuild/win32-ia32/-/win32-ia32-0.19.7.tgz#3d9c159d42c67e37a433e44ef8217c661cb6f6d0"
  integrity sha512-CTOnijBKc5Jpk6/W9hQMMvJnsSYRYgveN6O75DTACCY18RA2nqka8dTZR+x/JqXCRiKk84+5+bRKXUSbbwsS0A==

"@esbuild/win32-x64@0.19.7":
  version "0.19.7"
  resolved "https://registry.yarnpkg.com/@esbuild/win32-x64/-/win32-x64-0.19.7.tgz#02c4446f802706098d8e6ee70cf2b7aba96ded0b"
  integrity sha512-gRaP2sk6hc98N734luX4VpF318l3w+ofrtTu9j5L8EQXF+FzQKV6alCOHMVoJJHvVK/mGbwBXfOL1HETQu9IGQ==

"@types/d3-array@^1":
  version "1.2.12"
  resolved "https://registry.yarnpkg.com/@types/d3-array/-/d3-array-1.2.12.tgz#2dd10cf20745fa4cfa79bce124838cec0decf582"
  integrity sha512-zIq9wCg/JO7MGC6vq3HRDaVYkqgSPIDjpo3JhAQxl7PHYVPA5D9SMiBfjW/ZoAvPd2a+rkovqBg0nS0QOChsJQ==

"@types/d3-axis@^1":
  version "1.0.19"
  resolved "https://registry.yarnpkg.com/@types/d3-axis/-/d3-axis-1.0.19.tgz#13210428e510b7646ae89d9b2d6ad9ee801973f4"
  integrity sha512-rXxE2jJYv6kar/6YWS8rM0weY+jjvnJvBxHKrIUqt3Yzomrfbf5tncpKG6jq6Aaw6TZyBcb1bxEWc0zGzcmbiw==
  dependencies:
    "@types/d3-selection" "^1"

"@types/d3-brush@^1":
  version "1.1.8"
  resolved "https://registry.yarnpkg.com/@types/d3-brush/-/d3-brush-1.1.8.tgz#7e8194ae5fa06d26cbb49ae3743bd6e4f894ae1d"
  integrity sha512-tPVjYAjJt02fgazF9yiX/309sj6qhIiIopLuHhP4FFFq9VKqu9NQBeCK3ger0RHVZGs9RKaSBUWyPUzii5biGQ==
  dependencies:
    "@types/d3-selection" "^1"

"@types/d3-chord@^1":
  version "1.0.14"
  resolved "https://registry.yarnpkg.com/@types/d3-chord/-/d3-chord-1.0.14.tgz#33540343ef45ddbc8f8c48f3b9453426f9a653ae"
  integrity sha512-W9rCIbSAhwtmydW5iGg9dwTQIi3SGBOh68/T3ke3PyOgejuSLozmtAMaWNViGaGJCeuM4aFJHTUHQvMedl4ugA==

"@types/d3-collection@*":
  version "1.0.13"
  resolved "https://registry.yarnpkg.com/@types/d3-collection/-/d3-collection-1.0.13.tgz#4bd051f698515963a9a7c925c04aaf0acd3902f8"
  integrity sha512-v0Rgw3IZebRyamcwVmtTDCZ8OmQcj4siaYjNc7wGMZT7PmdSHawGsCOQMxyLvZ7lWjfohYLK0oXtilMOMgfY8A==

"@types/d3-color@^1":
  version "1.4.5"
  resolved "https://registry.yarnpkg.com/@types/d3-color/-/d3-color-1.4.5.tgz#23bb1afda325549c6314ab60aa2aa28c4c6b1c37"
  integrity sha512-5sNP3DmtSnSozxcjqmzQKsDOuVJXZkceo1KJScDc1982kk/TS9mTPc6lpli1gTu1MIBF1YWutpHpjucNWcIj5g==

"@types/d3-contour@^1":
  version "1.3.6"
  resolved "https://registry.yarnpkg.com/@types/d3-contour/-/d3-contour-1.3.6.tgz#8ea25ba8cb629f766c2ca28afdb77af5cba085a3"
  integrity sha512-RM/QHCx8j1ovj/p4cWCM3b48EIas6TTmfG+LR2Ud8npTqgrWTjMNCpHtoj47Qa3dJsifONXGu54VuFkXWL2mIg==
  dependencies:
    "@types/d3-array" "^1"
    "@types/geojson" "*"

"@types/d3-dispatch@^1":
  version "1.0.12"
  resolved "https://registry.yarnpkg.com/@types/d3-dispatch/-/d3-dispatch-1.0.12.tgz#5df65f48c2ef3e32f3226c09fded1181b3e02449"
  integrity sha512-vrhleoVNhGJGx7GQZ4207lYGyMbW/yj/iJTSvLKyfAp8nXFF+19dnMpPN/nEVs6fudIsQc7ZelBFUMe3aJDmKw==

"@types/d3-drag@^1":
  version "1.2.8"
  resolved "https://registry.yarnpkg.com/@types/d3-drag/-/d3-drag-1.2.8.tgz#834e4ea1150f8f725ff8d4531dd8d5cede2ec8fb"
  integrity sha512-QM6H8E6r9/51BcE4NEluQ0f9dTECCTDEALJSQIWn183+Mtz/6KvEjOxW8VzKYSnhhL+qMljMKKA1WOUUf/4Qhw==
  dependencies:
    "@types/d3-selection" "^1"

"@types/d3-dsv@^1":
  version "1.2.8"
  resolved "https://registry.yarnpkg.com/@types/d3-dsv/-/d3-dsv-1.2.8.tgz#0e416bd4961be0bb45d77e082784635337ac4848"
  integrity sha512-x1m1s0lVstZQ5/Kzp4bVIMee3fFuDm+hphVnvrYA7wU16XqwgbCBfeVvHYZzVQQIy4jyi3MEtgduLVuwIRCKLQ==

"@types/d3-ease@^1":
  version "1.0.13"
  resolved "https://registry.yarnpkg.com/@types/d3-ease/-/d3-ease-1.0.13.tgz#bcb0324eb2ff8af0512d29a4de3861725214b282"
  integrity sha512-VAA4H8YNaNN0+UNIlpkwkLOj7xL5EGdyiQpdlAvOIRHckjGFCLK8eMoUd4+IMNEhQgweq0Yk/Dfzr70xhUo6hA==

"@types/d3-fetch@^1":
  version "1.2.5"
  resolved "https://registry.yarnpkg.com/@types/d3-fetch/-/d3-fetch-1.2.5.tgz#e2a044eb1efad3bd0815427ce22529e7592d023a"
  integrity sha512-5SpBGkHtH01Zi5gMGfEXZp72NcQJB83uskIrlj9N0z9w4vVP7dHIgDu3v8BLhhqn8Oj98wuIrlatdiYK3+q3tA==
  dependencies:
    "@types/d3-dsv" "^1"

"@types/d3-force@^1":
  version "1.2.7"
  resolved "https://registry.yarnpkg.com/@types/d3-force/-/d3-force-1.2.7.tgz#b066d91ac3b8f19c35a60b49e89e99f60187460a"
  integrity sha512-zySqZfnxn67RVEGWzpD9dQA0AbNIp4Rj0qGvAuUdUNfGLrwuGCbEGAGze5hEdNaHJKQT2gTqr6j+qAzncm11ew==

"@types/d3-format@^1":
  version "1.4.5"
  resolved "https://registry.yarnpkg.com/@types/d3-format/-/d3-format-1.4.5.tgz#6392303c2ca3c287c3a1a2046455cd0a0bd50bbe"
  integrity sha512-mLxrC1MSWupOSncXN/HOlWUAAIffAEBaI4+PKy2uMPsKe4FNZlk7qrbTjmzJXITQQqBHivaks4Td18azgqnotA==

"@types/d3-geo@^1":
  version "1.12.7"
  resolved "https://registry.yarnpkg.com/@types/d3-geo/-/d3-geo-1.12.7.tgz#595680bf9b9525031cef956ed80baf38b8f3b4be"
  integrity sha512-QetZrWWjuMfCe0BHLjD+dOThlgk7YGZ2gj+yhFAbDN5TularNBEQiBs5/CIgX0+IBDjt7/fbkDd5V70J1LjjKA==
  dependencies:
    "@types/geojson" "*"

"@types/d3-hierarchy@^1":
  version "1.1.11"
  resolved "https://registry.yarnpkg.com/@types/d3-hierarchy/-/d3-hierarchy-1.1.11.tgz#c3bd70d025621f73cb3319e97e08ae4c9051c791"
  integrity sha512-lnQiU7jV+Gyk9oQYk0GGYccuexmQPTp08E0+4BidgFdiJivjEvf+esPSdZqCZ2C7UwTWejWpqetVaU8A+eX3FA==

"@types/d3-interpolate@^1":
  version "1.4.5"
  resolved "https://registry.yarnpkg.com/@types/d3-interpolate/-/d3-interpolate-1.4.5.tgz#7964699575ec9c594a9a7aaea411a812ce6cd674"
  integrity sha512-k9L18hXXv7OvK4PqW1kSFYIzasGOvfhPUWmHFkoZ8/ci99EAmY4HoF6zMefrHl0SGV7XYc7Qq2MNh8dK3edg5A==
  dependencies:
    "@types/d3-color" "^1"

"@types/d3-path@^1":
  version "1.0.11"
  resolved "https://registry.yarnpkg.com/@types/d3-path/-/d3-path-1.0.11.tgz#45420fee2d93387083b34eae4fe6d996edf482bc"
  integrity sha512-4pQMp8ldf7UaB/gR8Fvvy69psNHkTpD/pVw3vmEi8iZAB9EPMBruB1JvHO4BIq9QkUUd2lV1F5YXpMNj7JPBpw==

"@types/d3-polygon@^1":
  version "1.0.10"
  resolved "https://registry.yarnpkg.com/@types/d3-polygon/-/d3-polygon-1.0.10.tgz#6771e255db78cc48f778f9d7ccaa211a8a5c4a1f"
  integrity sha512-+hbHsFdCMs23vk9p/SpvIkHkCpl0vxkP2qWR2vEk0wRi0BXODWgB/6aHnfrz/BeQnk20XzZiQJIZ+11TGxuYMQ==

"@types/d3-quadtree@^1":
  version "1.0.13"
  resolved "https://registry.yarnpkg.com/@types/d3-quadtree/-/d3-quadtree-1.0.13.tgz#3a2083625930d8afaa5f25a5a864783814e81e17"
  integrity sha512-BAQD6gTHnXqmI7JRhXwM2pEYJJF27AT1f6zCC192BKAUhigzd5HZjdje5ufRXmYcUM/fr2IJ9KqVMeXaljmmOw==

"@types/d3-random@^1":
  version "1.1.5"
  resolved "https://registry.yarnpkg.com/@types/d3-random/-/d3-random-1.1.5.tgz#bcb06a6add9ed03b07d750a176e59c73591f0fca"
  integrity sha512-gB5CR+7xYMj56pt5zmSyDBjTNMEy96PdfUb2qBaAT9bmPcf4P/YHfhhTI5y8JoiqaSRLJY+3mqtaE9loBgB6Ng==

"@types/d3-scale-chromatic@^1":
  version "1.5.4"
  resolved "https://registry.yarnpkg.com/@types/d3-scale-chromatic/-/d3-scale-chromatic-1.5.4.tgz#b067005a6b32842921bde591a8a4bf40727c50dd"
  integrity sha512-HwLVEm8laYTNOR9Kc9745XDKgRa69VIIChNkSKJgrJOsDLI9QSiFSH2Bi4wMbGrvFs+X64azev7NfBPq+VOFVg==

"@types/d3-scale@^2":
  version "2.2.10"
  resolved "https://registry.yarnpkg.com/@types/d3-scale/-/d3-scale-2.2.10.tgz#99bd78f58cbc15612b457b564c5bca6f52deb2ec"
  integrity sha512-j4V7qQ+CQzK2KpvI5NDejdPAcds+fTzNGqWXrCXv1zNR33HRir0bMdhzN1OHDQLNXYffW/zOr3FOS2qlHDEgrw==
  dependencies:
    "@types/d3-time" "^1"

"@types/d3-selection@^1":
  version "1.4.6"
  resolved "https://registry.yarnpkg.com/@types/d3-selection/-/d3-selection-1.4.6.tgz#3e6056117b19d8bb6c729c872ca7234622099fb6"
  integrity sha512-0MhJ/LzJe6/vQVxiYJnvNq5CD/MF6Qy0dLp4BEQ6Dz8oOaB0EMXfx1GGeBFSW+3VzgjaUrxK6uECDQj9VLa/Mg==

"@types/d3-shape@^1":
  version "1.3.12"
  resolved "https://registry.yarnpkg.com/@types/d3-shape/-/d3-shape-1.3.12.tgz#8f2f9f7a12e631ce6700d6d55b84795ce2c8b259"
  integrity sha512-8oMzcd4+poSLGgV0R1Q1rOlx/xdmozS4Xab7np0eamFFUYq71AU9pOCJEFnkXW2aI/oXdVYJzw6pssbSut7Z9Q==
  dependencies:
    "@types/d3-path" "^1"

"@types/d3-time-format@^2":
  version "2.3.4"
  resolved "https://registry.yarnpkg.com/@types/d3-time-format/-/d3-time-format-2.3.4.tgz#544af5184df8b3fc4d9b42b14058789acee2905e"
  integrity sha512-xdDXbpVO74EvadI3UDxjxTdR6QIxm1FKzEA/+F8tL4GWWUg/hgvBqf6chql64U5A9ZUGWo7pEu4eNlyLwbKdhg==

"@types/d3-time@^1":
  version "1.1.4"
  resolved "https://registry.yarnpkg.com/@types/d3-time/-/d3-time-1.1.4.tgz#20da4b75c537a940e7319b75717c67a2e499515a"
  integrity sha512-JIvy2HjRInE+TXOmIGN5LCmeO0hkFZx5f9FZ7kiN+D+YTcc8pptsiLiuHsvwxwC7VVKmJ2ExHUgNlAiV7vQM9g==

"@types/d3-timer@^1":
  version "1.0.12"
  resolved "https://registry.yarnpkg.com/@types/d3-timer/-/d3-timer-1.0.12.tgz#14f7a7b87bfef826de1c5dded07d37b0a4f3e7a5"
  integrity sha512-Tv9tkA4y3UvGQnrHyYAQhf5x/297FuYwotS4UW2TpwLblvRahbyL8r9HFYTJLPfPRqS63hwlqRItjKGmKtJxNg==

"@types/d3-transition@^1":
  version "1.3.5"
  resolved "https://registry.yarnpkg.com/@types/d3-transition/-/d3-transition-1.3.5.tgz#5ef69ea917d6935b0a1db895a7e5698ba7a08af1"
  integrity sha512-gVj9AXXkoj0yKr1jsPJFkKoYTEmSdaYh8W7XBeRIhcspFX9b3MSwLxTerVHeEPXer9kYLvZfAINk8HcjWhwZSQ==
  dependencies:
    "@types/d3-selection" "^1"

"@types/d3-voronoi@*":
  version "1.1.12"
  resolved "https://registry.yarnpkg.com/@types/d3-voronoi/-/d3-voronoi-1.1.12.tgz#99d1bbf5438ac222727493bef2283da62ffc0aa3"
  integrity sha512-DauBl25PKZZ0WVJr42a6CNvI6efsdzofl9sajqZr2Gf5Gu733WkDdUGiPkUHXiUvYGzNNlFQde2wdZdfQPG+yw==

"@types/d3-zoom@^1":
  version "1.8.7"
  resolved "https://registry.yarnpkg.com/@types/d3-zoom/-/d3-zoom-1.8.7.tgz#0afdcf771e6ea518f3a4b634bbb4c8e8979c65b1"
  integrity sha512-HJWci3jXwFIuFKDqGn5PmuwrhZvuFdrnUmtSKCLXFAWyf2lAIUKMKh1/lHOkWBl/f4KVupGricJiqkQy+cVTog==
  dependencies:
    "@types/d3-interpolate" "^1"
    "@types/d3-selection" "^1"

"@types/d3@^5.5.0":
  version "5.16.7"
  resolved "https://registry.yarnpkg.com/@types/d3/-/d3-5.16.7.tgz#fa04f4d283b5c6c9763d2220d0540ef05d20cd2f"
  integrity sha512-GMwYYRuI+BNHS6c5B1OUDx6yKWtnolVYq1YxUkXn0HhlQyzKcpgpxJd7BKuazq+1+TridBbQjs4kztX6nIhl9g==
  dependencies:
    "@types/d3-array" "^1"
    "@types/d3-axis" "^1"
    "@types/d3-brush" "^1"
    "@types/d3-chord" "^1"
    "@types/d3-collection" "*"
    "@types/d3-color" "^1"
    "@types/d3-contour" "^1"
    "@types/d3-dispatch" "^1"
    "@types/d3-drag" "^1"
    "@types/d3-dsv" "^1"
    "@types/d3-ease" "^1"
    "@types/d3-fetch" "^1"
    "@types/d3-force" "^1"
    "@types/d3-format" "^1"
    "@types/d3-geo" "^1"
    "@types/d3-hierarchy" "^1"
    "@types/d3-interpolate" "^1"
    "@types/d3-path" "^1"
    "@types/d3-polygon" "^1"
    "@types/d3-quadtree" "^1"
    "@types/d3-random" "^1"
    "@types/d3-scale" "^2"
    "@types/d3-scale-chromatic" "^1"
    "@types/d3-selection" "^1"
    "@types/d3-shape" "^1"
    "@types/d3-time" "^1"
    "@types/d3-time-format" "^2"
    "@types/d3-timer" "^1"
    "@types/d3-transition" "^1"
    "@types/d3-voronoi" "*"
    "@types/d3-zoom" "^1"

"@types/geojson@*":
  version "7946.0.4"
  resolved "https://registry.yarnpkg.com/@types/geojson/-/geojson-7946.0.4.tgz#4e049756383c3f055dd8f3d24e63fb543e98eb07"

"@types/mithril@^2.2.6":
  version "2.2.6"
  resolved "https://registry.yarnpkg.com/@types/mithril/-/mithril-2.2.6.tgz#fc93cffb294a65f592ecfc9f05d38f0df6f01ef1"
  integrity sha512-cU142pS/rDHpE0NlC2XJpejD2ihzMQ+jI7R0cOLCVWRQJFxwD9CUxJGdRmWu9DrGLr52G2QjMRCfXs+ew4LD2Q==

"@types/ospec@^4.0.10":
  version "4.0.10"
  resolved "https://registry.yarnpkg.com/@types/ospec/-/ospec-4.0.10.tgz#d70e5d72f1a7b5a95305f36cba1135ce1d9795aa"
  integrity sha512-tV3xR2kiN7iSNcCdeK53TMIYNHv2l70ckC3wgX9KVVjXSw0v/nkz7909EoyptEXgjEL9JbcSLW/zMjIaISajGw==

axios@^0.17.0:
  version "0.17.1"
  resolved "https://registry.yarnpkg.com/axios/-/axios-0.17.1.tgz#2d8e3e5d0bdbd7327f91bc814f5c57660f81824d"
  dependencies:
    follow-redirects "^1.2.5"
    is-buffer "^1.1.5"

balanced-match@^1.0.0:
  version "1.0.0"
  resolved "https://registry.yarnpkg.com/balanced-match/-/balanced-match-1.0.0.tgz#89b4d199ab2bee49de164ea02b89ce462d71b767"

brace-expansion@^1.1.7:
  version "1.1.11"
  resolved "https://registry.yarnpkg.com/brace-expansion/-/brace-expansion-1.1.11.tgz#3c7fcbf529d87226f3d2f52b966ff5271eb441dd"
  dependencies:
    balanced-match "^1.0.0"
    concat-map "0.0.1"

commander@2:
  version "2.20.3"
  resolved "https://registry.yarnpkg.com/commander/-/commander-2.20.3.tgz#fd485e84c03eb4881c20722ba48035e8531aeb33"
  integrity sha512-GpVkmM8vF2vQUkj2LvZmD35JxeJOLCwJ9cUkugyk2nuhbv3+mJvpLYYt+0+USMxE+oj+ey/lJEnhZw75x/OMcQ==

concat-map@0.0.1:
  version "0.0.1"
  resolved "https://registry.yarnpkg.com/concat-map/-/concat-map-0.0.1.tgz#d8a96bd77fd68df7793a73036a3ba0d5405d477b"

d3-array@1, d3-array@^1.1.1, d3-array@^1.2.0:
  version "1.2.4"
  resolved "https://registry.yarnpkg.com/d3-array/-/d3-array-1.2.4.tgz#635ce4d5eea759f6f605863dbcfc30edc737f71f"
  integrity sha512-KHW6M86R+FUPYGb3R5XiYjXPq7VzwxZ22buHhAEVG5ztoEcZZMLov530mmccaqA1GghZArjQV46fuc8kUqhhHw==

d3-axis@1:
  version "1.0.12"
  resolved "https://registry.yarnpkg.com/d3-axis/-/d3-axis-1.0.12.tgz#cdf20ba210cfbb43795af33756886fb3638daac9"
  integrity sha512-ejINPfPSNdGFKEOAtnBtdkpr24c4d4jsei6Lg98mxf424ivoDP2956/5HDpIAtmHo85lqT4pruy+zEgvRUBqaQ==

d3-brush@1:
  version "1.1.6"
  resolved "https://registry.yarnpkg.com/d3-brush/-/d3-brush-1.1.6.tgz#b0a22c7372cabec128bdddf9bddc058592f89e9b"
  integrity sha512-7RW+w7HfMCPyZLifTz/UnJmI5kdkXtpCbombUSs8xniAyo0vIbrDzDwUJB6eJOgl9u5DQOt2TQlYumxzD1SvYA==
  dependencies:
    d3-dispatch "1"
    d3-drag "1"
    d3-interpolate "1"
    d3-selection "1"
    d3-transition "1"

d3-chord@1:
  version "1.0.6"
  resolved "https://registry.yarnpkg.com/d3-chord/-/d3-chord-1.0.6.tgz#309157e3f2db2c752f0280fedd35f2067ccbb15f"
  integrity sha512-JXA2Dro1Fxw9rJe33Uv+Ckr5IrAa74TlfDEhE/jfLOaXegMQFQTAgAw9WnZL8+HxVBRXaRGCkrNU7pJeylRIuA==
  dependencies:
    d3-array "1"
    d3-path "1"

d3-collection@1:
  version "1.0.7"
  resolved "https://registry.yarnpkg.com/d3-collection/-/d3-collection-1.0.7.tgz#349bd2aa9977db071091c13144d5e4f16b5b310e"
  integrity sha512-ii0/r5f4sjKNTfh84Di+DpztYwqKhEyUlKoPrzUFfeSkWxjW49xU2QzO9qrPrNkpdI0XJkfzvmTu8V2Zylln6A==

d3-color@1:
  version "1.4.1"
  resolved "https://registry.yarnpkg.com/d3-color/-/d3-color-1.4.1.tgz#c52002bf8846ada4424d55d97982fef26eb3bc8a"
  integrity sha512-p2sTHSLCJI2QKunbGb7ocOh7DgTAn8IrLx21QRc/BSnodXM4sv6aLQlnfpvehFMLZEfBc6g9pH9SWQccFYfJ9Q==

d3-contour@1:
  version "1.3.2"
  resolved "https://registry.yarnpkg.com/d3-contour/-/d3-contour-1.3.2.tgz#652aacd500d2264cb3423cee10db69f6f59bead3"
  integrity sha512-hoPp4K/rJCu0ladiH6zmJUEz6+u3lgR+GSm/QdM2BBvDraU39Vr7YdDCicJcxP1z8i9B/2dJLgDC1NcvlF8WCg==
  dependencies:
    d3-array "^1.1.1"

d3-dispatch@1:
  version "1.0.6"
  resolved "https://registry.yarnpkg.com/d3-dispatch/-/d3-dispatch-1.0.6.tgz#00d37bcee4dd8cd97729dd893a0ac29caaba5d58"
  integrity sha512-fVjoElzjhCEy+Hbn8KygnmMS7Or0a9sI2UzGwoB7cCtvI1XpVN9GpoYlnb3xt2YV66oXYb1fLJ8GMvP4hdU1RA==

d3-drag@1:
  version "1.2.5"
  resolved "https://registry.yarnpkg.com/d3-drag/-/d3-drag-1.2.5.tgz#2537f451acd39d31406677b7dc77c82f7d988f70"
  integrity sha512-rD1ohlkKQwMZYkQlYVCrSFxsWPzI97+W+PaEIBNTMxRuxz9RF0Hi5nJWHGVJ3Om9d2fRTe1yOBINJyy/ahV95w==
  dependencies:
    d3-dispatch "1"
    d3-selection "1"

d3-dsv@1:
  version "1.2.0"
  resolved "https://registry.yarnpkg.com/d3-dsv/-/d3-dsv-1.2.0.tgz#9d5f75c3a5f8abd611f74d3f5847b0d4338b885c"
  integrity sha512-9yVlqvZcSOMhCYzniHE7EVUws7Fa1zgw+/EAV2BxJoG3ME19V6BQFBwI855XQDsxyOuG7NibqRMTtiF/Qup46g==
  dependencies:
    commander "2"
    iconv-lite "0.4"
    rw "1"

d3-ease@1:
  version "1.0.7"
  resolved "https://registry.yarnpkg.com/d3-ease/-/d3-ease-1.0.7.tgz#9a834890ef8b8ae8c558b2fe55bd57f5993b85e2"
  integrity sha512-lx14ZPYkhNx0s/2HX5sLFUI3mbasHjSSpwO/KaaNACweVwxUruKyWVcb293wMv1RqTPZyZ8kSZ2NogUZNcLOFQ==

d3-fetch@1:
  version "1.2.0"
  resolved "https://registry.yarnpkg.com/d3-fetch/-/d3-fetch-1.2.0.tgz#15ce2ecfc41b092b1db50abd2c552c2316cf7fc7"
  integrity sha512-yC78NBVcd2zFAyR/HnUiBS7Lf6inSCoWcSxFfw8FYL7ydiqe80SazNwoffcqOfs95XaLo7yebsmQqDKSsXUtvA==
  dependencies:
    d3-dsv "1"

d3-force@1:
  version "1.2.1"
  resolved "https://registry.yarnpkg.com/d3-force/-/d3-force-1.2.1.tgz#fd29a5d1ff181c9e7f0669e4bd72bdb0e914ec0b"
  integrity sha512-HHvehyaiUlVo5CxBJ0yF/xny4xoaxFxDnBXNvNcfW9adORGZfyNF1dj6DGLKyk4Yh3brP/1h3rnDzdIAwL08zg==
  dependencies:
    d3-collection "1"
    d3-dispatch "1"
    d3-quadtree "1"
    d3-timer "1"

d3-format@1:
  version "1.4.5"
  resolved "https://registry.yarnpkg.com/d3-format/-/d3-format-1.4.5.tgz#374f2ba1320e3717eb74a9356c67daee17a7edb4"
  integrity sha512-J0piedu6Z8iB6TbIGfZgDzfXxUFN3qQRMofy2oPdXzQibYGqPB/9iMcxr/TGalU+2RsyDO+U4f33id8tbnSRMQ==

d3-geo@1:
  version "1.12.1"
  resolved "https://registry.yarnpkg.com/d3-geo/-/d3-geo-1.12.1.tgz#7fc2ab7414b72e59fbcbd603e80d9adc029b035f"
  integrity sha512-XG4d1c/UJSEX9NfU02KwBL6BYPj8YKHxgBEw5om2ZnTRSbIcego6dhHwcxuSR3clxh0EpE38os1DVPOmnYtTPg==
  dependencies:
    d3-array "1"

d3-hierarchy@1:
  version "1.1.9"
  resolved "https://registry.yarnpkg.com/d3-hierarchy/-/d3-hierarchy-1.1.9.tgz#2f6bee24caaea43f8dc37545fa01628559647a83"
  integrity sha512-j8tPxlqh1srJHAtxfvOUwKNYJkQuBFdM1+JAUfq6xqH5eAqf93L7oG1NVqDa4CpFZNvnNKtCYEUC8KY9yEn9lQ==

d3-interpolate@1:
  version "1.4.0"
  resolved "https://registry.yarnpkg.com/d3-interpolate/-/d3-interpolate-1.4.0.tgz#526e79e2d80daa383f9e0c1c1c7dcc0f0583e987"
  integrity sha512-V9znK0zc3jOPV4VD2zZn0sDhZU3WAE2bmlxdIwwQPPzPjvyLkd8B3JUVdS1IDUFDkWZ72c9qnv1GK2ZagTZ8EA==
  dependencies:
    d3-color "1"

d3-path@1:
  version "1.0.9"
  resolved "https://registry.yarnpkg.com/d3-path/-/d3-path-1.0.9.tgz#48c050bb1fe8c262493a8caf5524e3e9591701cf"
  integrity sha512-VLaYcn81dtHVTjEHd8B+pbe9yHWpXKZUC87PzoFmsFrJqgFwDe/qxfp5MlfsfM1V5E/iVt0MmEbWQ7FVIXh/bg==

d3-polygon@1:
  version "1.0.6"
  resolved "https://registry.yarnpkg.com/d3-polygon/-/d3-polygon-1.0.6.tgz#0bf8cb8180a6dc107f518ddf7975e12abbfbd38e"
  integrity sha512-k+RF7WvI08PC8reEoXa/w2nSg5AUMTi+peBD9cmFc+0ixHfbs4QmxxkarVal1IkVkgxVuk9JSHhJURHiyHKAuQ==

d3-quadtree@1:
  version "1.0.7"
  resolved "https://registry.yarnpkg.com/d3-quadtree/-/d3-quadtree-1.0.7.tgz#ca8b84df7bb53763fe3c2f24bd435137f4e53135"
  integrity sha512-RKPAeXnkC59IDGD0Wu5mANy0Q2V28L+fNe65pOCXVdVuTJS3WPKaJlFHer32Rbh9gIo9qMuJXio8ra4+YmIymA==

d3-random@1:
  version "1.1.2"
  resolved "https://registry.yarnpkg.com/d3-random/-/d3-random-1.1.2.tgz#2833be7c124360bf9e2d3fd4f33847cfe6cab291"
  integrity sha512-6AK5BNpIFqP+cx/sreKzNjWbwZQCSUatxq+pPRmFIQaWuoD+NrbVWw7YWpHiXpCQ/NanKdtGDuB+VQcZDaEmYQ==

d3-scale-chromatic@1:
  version "1.5.0"
  resolved "https://registry.yarnpkg.com/d3-scale-chromatic/-/d3-scale-chromatic-1.5.0.tgz#54e333fc78212f439b14641fb55801dd81135a98"
  integrity sha512-ACcL46DYImpRFMBcpk9HhtIyC7bTBR4fNOPxwVSl0LfulDAwyiHyPOTqcDG1+t5d4P9W7t/2NAuWu59aKko/cg==
  dependencies:
    d3-color "1"
    d3-interpolate "1"

d3-scale@2:
  version "2.2.2"
  resolved "https://registry.yarnpkg.com/d3-scale/-/d3-scale-2.2.2.tgz#4e880e0b2745acaaddd3ede26a9e908a9e17b81f"
  integrity sha512-LbeEvGgIb8UMcAa0EATLNX0lelKWGYDQiPdHj+gLblGVhGLyNbaCn3EvrJf0A3Y/uOOU5aD6MTh5ZFCdEwGiCw==
  dependencies:
    d3-array "^1.2.0"
    d3-collection "1"
    d3-format "1"
    d3-interpolate "1"
    d3-time "1"
    d3-time-format "2"

d3-selection@1, d3-selection@^1.1.0:
  version "1.4.2"
  resolved "https://registry.yarnpkg.com/d3-selection/-/d3-selection-1.4.2.tgz#dcaa49522c0dbf32d6c1858afc26b6094555bc5c"
  integrity sha512-SJ0BqYihzOjDnnlfyeHT0e30k0K1+5sR3d5fNueCNeuhZTnGw4M4o8mqJchSwgKMXCNFo+e2VTChiSJ0vYtXkg==

d3-shape@1:
  version "1.3.7"
  resolved "https://registry.yarnpkg.com/d3-shape/-/d3-shape-1.3.7.tgz#df63801be07bc986bc54f63789b4fe502992b5d7"
  integrity sha512-EUkvKjqPFUAZyOlhY5gzCxCeI0Aep04LwIRpsZ/mLFelJiUfnK56jo5JMDSE7yyP2kLSb6LtF+S5chMk7uqPqw==
  dependencies:
    d3-path "1"

d3-time-format@2:
  version "2.3.0"
  resolved "https://registry.yarnpkg.com/d3-time-format/-/d3-time-format-2.3.0.tgz#107bdc028667788a8924ba040faf1fbccd5a7850"
  integrity sha512-guv6b2H37s2Uq/GefleCDtbe0XZAuy7Wa49VGkPVPMfLL9qObgBST3lEHJBMUp8S7NdLQAGIvr2KXk8Hc98iKQ==
  dependencies:
    d3-time "1"

d3-time@1:
  version "1.1.0"
  resolved "https://registry.yarnpkg.com/d3-time/-/d3-time-1.1.0.tgz#b1e19d307dae9c900b7e5b25ffc5dcc249a8a0f1"
  integrity sha512-Xh0isrZ5rPYYdqhAVk8VLnMEidhz5aP7htAADH6MfzgmmicPkTo8LhkLxci61/lCB7n7UmE3bN0leRt+qvkLxA==

d3-timer@1:
  version "1.0.10"
  resolved "https://registry.yarnpkg.com/d3-timer/-/d3-timer-1.0.10.tgz#dfe76b8a91748831b13b6d9c793ffbd508dd9de5"
  integrity sha512-B1JDm0XDaQC+uvo4DT79H0XmBskgS3l6Ve+1SBCfxgmtIb1AVrPIoqd+nPSv+loMX8szQ0sVUhGngL7D5QPiXw==

d3-transition@1:
  version "1.3.2"
  resolved "https://registry.yarnpkg.com/d3-transition/-/d3-transition-1.3.2.tgz#a98ef2151be8d8600543434c1ca80140ae23b398"
  integrity sha512-sc0gRU4PFqZ47lPVHloMn9tlPcv8jxgOQg+0zjhfZXMQuvppjG6YuwdMBE0TuqCZjeJkLecku/l9R0JPcRhaDA==
  dependencies:
    d3-color "1"
    d3-dispatch "1"
    d3-ease "1"
    d3-interpolate "1"
    d3-selection "^1.1.0"
    d3-timer "1"

d3-voronoi@1:
  version "1.1.4"
  resolved "https://registry.yarnpkg.com/d3-voronoi/-/d3-voronoi-1.1.4.tgz#dd3c78d7653d2bb359284ae478645d95944c8297"
  integrity sha512-dArJ32hchFsrQ8uMiTBLq256MpnZjeuBtdHpaDlYuQyjU0CVzCJl/BVW+SkszaAeH95D/8gxqAhgx0ouAWAfRg==

d3-zoom@1:
  version "1.8.3"
  resolved "https://registry.yarnpkg.com/d3-zoom/-/d3-zoom-1.8.3.tgz#b6a3dbe738c7763121cd05b8a7795ffe17f4fc0a"
  integrity sha512-VoLXTK4wvy1a0JpH2Il+F2CiOhVu7VRXWF5M/LroMIh3/zBAC3WAt7QoIvPibOavVo20hN6/37vwAsdBejLyKQ==
  dependencies:
    d3-dispatch "1"
    d3-drag "1"
    d3-interpolate "1"
    d3-selection "1"
    d3-transition "1"

d3@^5.5.0:
  version "5.16.0"
  resolved "https://registry.yarnpkg.com/d3/-/d3-5.16.0.tgz#9c5e8d3b56403c79d4ed42fbd62f6113f199c877"
  integrity sha512-4PL5hHaHwX4m7Zr1UapXW23apo6pexCgdetdJ5kTmADpG/7T9Gkxw0M0tf/pjoB63ezCCm0u5UaFYy2aMt0Mcw==
  dependencies:
    d3-array "1"
    d3-axis "1"
    d3-brush "1"
    d3-chord "1"
    d3-collection "1"
    d3-color "1"
    d3-contour "1"
    d3-dispatch "1"
    d3-drag "1"
    d3-dsv "1"
    d3-ease "1"
    d3-fetch "1"
    d3-force "1"
    d3-format "1"
    d3-geo "1"
    d3-hierarchy "1"
    d3-interpolate "1"
    d3-path "1"
    d3-polygon "1"
    d3-quadtree "1"
    d3-random "1"
    d3-scale "2"
    d3-scale-chromatic "1"
    d3-selection "1"
    d3-shape "1"
    d3-time "1"
    d3-time-format "2"
    d3-timer "1"
    d3-transition "1"
    d3-voronoi "1"
    d3-zoom "1"

debug@^3.1.0:
  version "3.1.0"
  resolved "https://registry.yarnpkg.com/debug/-/debug-3.1.0.tgz#5bb5a0672628b64149566ba16819e61518c67261"
  dependencies:
    ms "2.0.0"

esbuild@^0.19.7:
  version "0.19.7"
  resolved "https://registry.yarnpkg.com/esbuild/-/esbuild-0.19.7.tgz#b9a7235097b81278dcf090e2532ed13c95a2ee84"
  integrity sha512-6brbTZVqxhqgbpqBR5MzErImcpA0SQdoKOkcWK/U30HtQxnokIpG3TX2r0IJqbFUzqLjhU/zC1S5ndgakObVCQ==
  optionalDependencies:
    "@esbuild/android-arm" "0.19.7"
    "@esbuild/android-arm64" "0.19.7"
    "@esbuild/android-x64" "0.19.7"
    "@esbuild/darwin-arm64" "0.19.7"
    "@esbuild/darwin-x64" "0.19.7"
    "@esbuild/freebsd-arm64" "0.19.7"
    "@esbuild/freebsd-x64" "0.19.7"
    "@esbuild/linux-arm" "0.19.7"
    "@esbuild/linux-arm64" "0.19.7"
    "@esbuild/linux-ia32" "0.19.7"
    "@esbuild/linux-loong64" "0.19.7"
    "@esbuild/linux-mips64el" "0.19.7"
    "@esbuild/linux-ppc64" "0.19.7"
    "@esbuild/linux-riscv64" "0.19.7"
    "@esbuild/linux-s390x" "0.19.7"
    "@esbuild/linux-x64" "0.19.7"
    "@esbuild/netbsd-x64" "0.19.7"
    "@esbuild/openbsd-x64" "0.19.7"
    "@esbuild/sunos-x64" "0.19.7"
    "@esbuild/win32-arm64" "0.19.7"
    "@esbuild/win32-ia32" "0.19.7"
    "@esbuild/win32-x64" "0.19.7"

follow-redirects@^1.2.5:
  version "1.5.1"
  resolved "https://registry.yarnpkg.com/follow-redirects/-/follow-redirects-1.5.1.tgz#67a8f14f5a1f67f962c2c46469c79eaec0a90291"
  dependencies:
    debug "^3.1.0"

fs.realpath@^1.0.0:
  version "1.0.0"
  resolved "https://registry.yarnpkg.com/fs.realpath/-/fs.realpath-1.0.0.tgz#1504ad2523158caa40db4a2787cb01411994ea4f"

glob@^7.1.3:
  version "7.2.3"
  resolved "https://registry.yarnpkg.com/glob/-/glob-7.2.3.tgz#b8df0fb802bbfa8e89bd1d938b4e16578ed44f2b"
  integrity sha512-nFR0zLpU2YCaRxwoCJvL6UvCH2JFyFVIvwTLsIf21AuHlMskA1hhTdk+LlYJtOlYt9v6dvszD2BGRqBL+iQK9Q==
  dependencies:
    fs.realpath "^1.0.0"
    inflight "^1.0.4"
    inherits "2"
    minimatch "^3.1.1"
    once "^1.3.0"
    path-is-absolute "^1.0.0"

iconv-lite@0.4:
  version "0.4.24"
  resolved "https://registry.yarnpkg.com/iconv-lite/-/iconv-lite-0.4.24.tgz#2022b4b25fbddc21d2f524974a474aafe733908b"
  integrity sha512-v3MXnZAcvnywkTUEZomIActle7RXXeedOR31wwl7VlyoXO4Qi9arvSenNQWne1TcRwhCL1HwLI21bEqdpj8/rA==
  dependencies:
    safer-buffer ">= 2.1.2 < 3"

immediate@~3.0.5:
  version "3.0.6"
  resolved "https://registry.yarnpkg.com/immediate/-/immediate-3.0.6.tgz#9db1dbd0faf8de6fbe0f5dd5e56bb606280de69b"

inflight@^1.0.4:
  version "1.0.6"
  resolved "https://registry.yarnpkg.com/inflight/-/inflight-1.0.6.tgz#49bd6331d7d02d0c09bc910a1075ba8165b56df9"
  dependencies:
    once "^1.3.0"
    wrappy "1"

inherits@2:
  version "2.0.3"
  resolved "https://registry.yarnpkg.com/inherits/-/inherits-2.0.3.tgz#633c2c83e3da42a502f52466022480f4208261de"

is-buffer@^1.1.5:
  version "1.1.6"
  resolved "https://registry.yarnpkg.com/is-buffer/-/is-buffer-1.1.6.tgz#efaa2ea9daa0d7ab2ea13a97b2b8ad51fefbe8be"

lie@3.1.1:
  version "3.1.1"
  resolved "https://registry.yarnpkg.com/lie/-/lie-3.1.1.tgz#9a436b2cc7746ca59de7a41fa469b3efb76bd87e"
  dependencies:
    immediate "~3.0.5"

localforage@^1.5.0:
  version "1.7.2"
  resolved "https://registry.yarnpkg.com/localforage/-/localforage-1.7.2.tgz#fa4442602f806edd2bca6a54ab4e656f031f121c"
  dependencies:
    lie "3.1.1"

minimatch@^3.1.1:
  version "3.1.2"
  resolved "https://registry.yarnpkg.com/minimatch/-/minimatch-3.1.2.tgz#19cd194bfd3e428f049a70817c038d89ab4be35b"
  integrity sha512-J7p63hRiAjw1NDEww1W7i37+ByIrOWO5XQQAzZ3VOcL0PNybwpfmV/N05zFAzwQ9USyEcX6t3UO+K5aqBQOIHw==
  dependencies:
    brace-expansion "^1.1.7"

mithril@^2.2.2:
  version "2.2.2"
  resolved "https://registry.yarnpkg.com/mithril/-/mithril-2.2.2.tgz#5a0743bd04726cc1efa6e91477f995d80fc6c539"
  integrity sha512-YRm6eLv2UUaWaWHdH8L+desW9+DN7+oM34CxJv6tT2e1lNVue8bxQlknQeDRn9aKlO8sIujm2wqUHwM+Hb1wGQ==
  dependencies:
    ospec "4.0.0"

ms@2.0.0:
  version "2.0.0"
  resolved "https://registry.yarnpkg.com/ms/-/ms-2.0.0.tgz#5608aeadfc00be6c2901df5f9861788de0d597c8"

once@^1.3.0:
  version "1.4.0"
  resolved "https://registry.yarnpkg.com/once/-/once-1.4.0.tgz#583b1aa775961d4b113ac17d9c50baef9dd76bd1"
  dependencies:
    wrappy "1"

ospec@4.0.0:
  version "4.0.0"
  resolved "https://registry.yarnpkg.com/ospec/-/ospec-4.0.0.tgz#7aaf8cb6d352a3f22e879460eebbc5f12df99779"
  integrity sha512-MpDtkpscOxHYb4w71v7GB4LBsRuzxZnM+HdwjhzJQzu+5EJvA80yxTaKw+wp5Dmf5RV2/Bg3Uvz2vlI/PhW9Ow==
  dependencies:
    glob "^7.1.3"

ospec@^4.2.0:
  version "4.2.0"
  resolved "https://registry.yarnpkg.com/ospec/-/ospec-4.2.0.tgz#8cbddee75db6b0a3d24e07196c79088fcbb88b32"
  integrity sha512-KS7aAuuMCxRjxZULAqk8OBf4Cleik7+iGr8w3rS1RSLC/KqOEsZANj86QwQmQoJgSAezJYH44NwUue5IcQ0NTg==
  dependencies:
    glob "^7.1.3"

path-is-absolute@^1.0.0:
  version "1.0.1"
  resolved "https://registry.yarnpkg.com/path-is-absolute/-/path-is-absolute-1.0.1.tgz#174b9268735534ffbc7ace6bf53a5a9e1b5c5f5f"

pokeapi-js-wrapper@^1.1.1:
  version "1.1.1"
  resolved "https://registry.yarnpkg.com/pokeapi-js-wrapper/-/pokeapi-js-wrapper-1.1.1.tgz#03cfa481bf413db6398760cf08bf884e61d8b887"
  dependencies:
    axios "^0.17.0"
    localforage "^1.5.0"

rw@1:
  version "1.3.3"
  resolved "https://registry.yarnpkg.com/rw/-/rw-1.3.3.tgz#3f862dfa91ab766b14885ef4d01124bfda074fb4"

"safer-buffer@>= 2.1.2 < 3":
  version "2.1.2"
  resolved "https://registry.yarnpkg.com/safer-buffer/-/safer-buffer-2.1.2.tgz#44fa161b0187b9549dd84bb91802f9bd8385cd6a"
  integrity sha512-YZo3K82SD7Riyi0E1EQPojLz7kpepnSQI9IyPbHHg1XXXevb5dJI7tpyN2ADxGcQbHG7vcyRHk0cbwqcQriUtg==

tsc@^2.0.4:
  version "2.0.4"
  resolved "https://registry.yarnpkg.com/tsc/-/tsc-2.0.4.tgz#5f6499146abea5dca4420b451fa4f2f9345238f5"
  integrity sha512-fzoSieZI5KKJVBYGvwbVZs/J5za84f2lSTLPYf6AGiIf43tZ3GNrI1QzTLcjtyDDP4aLxd46RTZq1nQxe7+k5Q==

typescript@^5.3.2:
  version "5.3.2"
  resolved "https://registry.yarnpkg.com/typescript/-/typescript-5.3.2.tgz#00d1c7c1c46928c5845c1ee8d0cc2791031d4c43"
  integrity sha512-6l+RyNy7oAHDfxC4FzSJcz9vnjTKxrLpDG5M2Vu4SHRVNg6xzqZp6LYSR9zjqQTu8DU/f5xwxUdADOkbrIX2gQ==

wrappy@1:
  version "1.0.2"
  resolved "https://registry.yarnpkg.com/wrappy/-/wrappy-1.0.2.tgz#b5243d8f3ec1aa35f1364605bc0d1036e30ab69f"
